
Microsoft Visual Studio Solution File, Format Version 12.00
# Visual Studio Version 16
VisualStudioVersion = 16.0.31205.134
MinimumVisualStudioVersion = 10.0.40219.1
Project("{FAE04EC0-301F-11D3-BF4B-00C04F79EFBC}") = "Entities", "Entities\Entities.csproj", "{B19F10DB-3833-4D0A-8620-D50680263084}"
EndProject
Project("{FAE04EC0-301F-11D3-BF4B-00C04F79EFBC}") = "Business", "Business\Business.csproj", "{97056E8A-DC1C-4AE0-9A54-59DA73E8C090}"
EndProject
Project("{FAE04EC0-301F-11D3-BF4B-00C04F79EFBC}") = "DataAccess", "DataAccess\DataAccess.csproj", "{AF9AA18E-F9A6-4DB6-B991-6AA9DA61A9A9}"
EndProject
Project("{FAE04EC0-301F-11D3-BF4B-00C04F79EFBC}") = "Core", "Core\Core.csproj", "{27480A63-4B89-4EAA-BBA7-A3C1046B44C0}"
EndProject
Global
	GlobalSection(SolutionConfigurationPlatforms) = preSolution
		Debug|Any CPU = Debug|Any CPU
		Release|Any CPU = Release|Any CPU
	EndGlobalSection
	GlobalSection(ProjectConfigurationPlatforms) = postSolution
		{B19F10DB-3833-4D0A-8620-D50680263084}.Debug|Any CPU.ActiveCfg = Debug|Any CPU
		{B19F10DB-3833-4D0A-8620-D50680263084}.Debug|Any CPU.Build.0 = Debug|Any CPU
		{B19F10DB-3833-4D0A-8620-D50680263084}.Release|Any CPU.ActiveCfg = Release|Any CPU
		{B19F10DB-3833-4D0A-8620-D50680263084}.Release|Any CPU.Build.0 = Release|Any CPU
		{97056E8A-DC1C-4AE0-9A54-59DA73E8C090}.Debug|Any CPU.ActiveCfg = Debug|Any CPU
		{97056E8A-DC1C-4AE0-9A54-59DA73E8C090}.Debug|Any CPU.Build.0 = Debug|Any CPU
		{97056E8A-DC1C-4AE0-9A54-59DA73E8C090}.Release|Any CPU.ActiveCfg = Release|Any CPU
		{97056E8A-DC1C-4AE0-9A54-59DA73E8C090}.Release|Any CPU.Build.0 = Release|Any CPU
		{AF9AA18E-F9A6-4DB6-B991-6AA9DA61A9A9}.Debug|Any CPU.ActiveCfg = Debug|Any CPU
		{AF9AA18E-F9A6-4DB6-B991-6AA9DA61A9A9}.Debug|Any CPU.Build.0 = Debug|Any CPU
		{AF9AA18E-F9A6-4DB6-B991-6AA9DA61A9A9}.Release|Any CPU.ActiveCfg = Release|Any CPU
		{AF9AA18E-F9A6-4DB6-B991-6AA9DA61A9A9}.Release|Any CPU.Build.0 = Release|Any CPU
		{27480A63-4B89-4EAA-BBA7-A3C1046B44C0}.Debug|Any CPU.ActiveCfg = Debug|Any CPU
		{27480A63-4B89-4EAA-BBA7-A3C1046B44C0}.Debug|Any CPU.Build.0 = Debug|Any CPU
		{27480A63-4B89-4EAA-BBA7-A3C1046B44C0}.Release|Any CPU.ActiveCfg = Release|Any CPU
		{27480A63-4B89-4EAA-BBA7-A3C1046B44C0}.Release|Any CPU.Build.0 = Release|Any CPU
	EndGlobalSection
	GlobalSection(SolutionProperties) = preSolution
		HideSolutionNode = FALSE
	EndGlobalSection
	GlobalSection(ExtensibilityGlobals) = postSolution
		SolutionGuid = {F6E8A274-C834-4342-8756-1384B22C5838}
	EndGlobalSection
EndGlobal
